bjoernblessin.de/go-utils v1.0.0 h1:MDv257ts8Lmb2HZTIJkhg672HM2cydR0UONLkMKrAG4=
bjoernblessin.de/go-utils v1.0.0/go.mod h1:lhTEi4TYEVIgTwkZ+2Rjm4snvaGg0d+KJVLcRCxmweA=
bjoernblessin.de/go-utils v1.0.1 h1:kXlSeIKMQUBBWWV3ZGisnNBj4yM32zznUoJknqvRI08=
bjoernblessin.de/go-utils v1.0.1/go.mod h1:lhTEi4TYEVIgTwkZ+2Rjm4snvaGg0d+KJVLcRCxmweA=
